
Microsoft Visual Studio Solution File, Format Version 12.00
# Visual Studio 14
VisualStudioVersion = 14.0.25420.1
MinimumVisualStudioVersion = 10.0.40219.1
Project("{FAE04EC0-301F-11D3-BF4B-00C04F79EFBC}") = "XamarinSample.Android", "XamarinSample.Android\XamarinSample.Android.csproj", "{61A94351-89D6-4032-971F-9AD33E19531D}"
EndProject
Project("{FAE04EC0-301F-11D3-BF4B-00C04F79EFBC}") = "XamarinSample.Core", "XamarinSample.Core\XamarinSample.Core.csproj", "{84296155-5743-4C11-84BF-77F12F9FA531}"
EndProject
Project("{2150E333-8FDC-42A3-9474-1A3956D46DE8}") = "PCL", "PCL", "{A16DE662-D377-4790-B9BE-1C5DED350217}"
EndProject
Project("{FAE04EC0-301F-11D3-BF4B-00C04F79EFBC}") = "XamarinSample.Windows81", "XamarinSample.Windows81\XamarinSample.Windows81.csproj", "{6ECABEFA-D96A-41A4-9DE7-E547228275FD}"
EndProject
Project("{FAE04EC0-301F-11D3-BF4B-00C04F79EFBC}") = "XamarinSample.Windows10", "XamarinSample.Windows10\XamarinSample.Windows10.csproj", "{4B2BF334-D7F3-432A-9463-004C02C29946}"
EndProject
Project("{FAE04EC0-301F-11D3-BF4B-00C04F79EFBC}") = "XamarinSample.WindowsPhone81", "XamarinSample.WindowsPhone81\XamarinSample.WindowsPhone81.csproj", "{EE266170-5A69-4E3C-AF57-9B5142B5E80D}"
EndProject
Project("{FAE04EC0-301F-11D3-BF4B-00C04F79EFBC}") = "XamarinSample.Common", "XamarinSample.Common\XamarinSample.Common.csproj", "{A0CB5DD9-7D8B-4531-915D-6E2906CE52BA}"
EndProject
Project("{FAE04EC0-301F-11D3-BF4B-00C04F79EFBC}") = "XamarinSample.ViewModel", "XamarinSample.ViewModel\XamarinSample.ViewModel.csproj", "{3A39FAA9-7D43-4D1F-88EF-3EE810E9BDB9}"
EndProject
Project("{FAE04EC0-301F-11D3-BF4B-00C04F79EFBC}") = "XamarinSample.iOS", "XamarinSample.iOS\XamarinSample.iOS.csproj", "{2904EAE4-ADF8-422A-8774-ED63D60CF154}"
EndProject
Project("{FAE04EC0-301F-11D3-BF4B-00C04F79EFBC}") = "XamarinSample.DesignViewModel", "XamarinSample.DesignViewModel\XamarinSample.DesignViewModel.csproj", "{C62F3A3C-E2F3-48BC-BAF8-1F470840DC66}"
EndProject
Project("{2150E333-8FDC-42A3-9474-1A3956D46DE8}") = "Windows", "Windows", "{7D4524C9-17BB-4EAE-A0CF-F08B398B51EC}"
EndProject
Project("{2150E333-8FDC-42A3-9474-1A3956D46DE8}") = "Web API", "Web API", "{76229E0B-06A4-439E-B621-D7028C93C16C}"
EndProject
Project("{8BB2217D-0F2D-49D1-97BC-3654ED321F3B}") = "XamarinSample.API", "XamarinSample.API\XamarinSample.API.xproj", "{1D8431F6-6AD2-4BDA-8A99-B5E07AA32DF8}"
EndProject
Global
	GlobalSection(SolutionConfigurationPlatforms) = preSolution
		Ad-Hoc|Any CPU = Ad-Hoc|Any CPU
		Ad-Hoc|ARM = Ad-Hoc|ARM
		Ad-Hoc|iPhone = Ad-Hoc|iPhone
		Ad-Hoc|iPhoneSimulator = Ad-Hoc|iPhoneSimulator
		Ad-Hoc|x64 = Ad-Hoc|x64
		Ad-Hoc|x86 = Ad-Hoc|x86
		AppStore|Any CPU = AppStore|Any CPU
		AppStore|ARM = AppStore|ARM
		AppStore|iPhone = AppStore|iPhone
		AppStore|iPhoneSimulator = AppStore|iPhoneSimulator
		AppStore|x64 = AppStore|x64
		AppStore|x86 = AppStore|x86
		Debug|Any CPU = Debug|Any CPU
		Debug|ARM = Debug|ARM
		Debug|iPhone = Debug|iPhone
		Debug|iPhoneSimulator = Debug|iPhoneSimulator
		Debug|x64 = Debug|x64
		Debug|x86 = Debug|x86
		Release|Any CPU = Release|Any CPU
		Release|ARM = Release|ARM
		Release|iPhone = Release|iPhone
		Release|iPhoneSimulator = Release|iPhoneSimulator
		Release|x64 = Release|x64
		Release|x86 = Release|x86
	EndGlobalSection
	GlobalSection(ProjectConfigurationPlatforms) = postSolution
		{61A94351-89D6-4032-971F-9AD33E19531D}.Ad-Hoc|Any CPU.ActiveCfg = Release|Any CPU
		{61A94351-89D6-4032-971F-9AD33E19531D}.Ad-Hoc|Any CPU.Build.0 = Release|Any CPU
		{61A94351-89D6-4032-971F-9AD33E19531D}.Ad-Hoc|Any CPU.Deploy.0 = Release|Any CPU
		{61A94351-89D6-4032-971F-9AD33E19531D}.Ad-Hoc|ARM.ActiveCfg = Release|Any CPU
		{61A94351-89D6-4032-971F-9AD33E19531D}.Ad-Hoc|ARM.Build.0 = Release|Any CPU
		{61A94351-89D6-4032-971F-9AD33E19531D}.Ad-Hoc|ARM.Deploy.0 = Release|Any CPU
		{61A94351-89D6-4032-971F-9AD33E19531D}.Ad-Hoc|iPhone.ActiveCfg = Release|Any CPU
		{61A94351-89D6-4032-971F-9AD33E19531D}.Ad-Hoc|iPhone.Build.0 = Release|Any CPU
		{61A94351-89D6-4032-971F-9AD33E19531D}.Ad-Hoc|iPhone.Deploy.0 = Release|Any CPU
		{61A94351-89D6-4032-971F-9AD33E19531D}.Ad-Hoc|iPhoneSimulator.ActiveCfg = Release|Any CPU
		{61A94351-89D6-4032-971F-9AD33E19531D}.Ad-Hoc|iPhoneSimulator.Build.0 = Release|Any CPU
		{61A94351-89D6-4032-971F-9AD33E19531D}.Ad-Hoc|iPhoneSimulator.Deploy.0 = Release|Any CPU
		{61A94351-89D6-4032-971F-9AD33E19531D}.Ad-Hoc|x64.ActiveCfg = Release|Any CPU
		{61A94351-89D6-4032-971F-9AD33E19531D}.Ad-Hoc|x64.Build.0 = Release|Any CPU
		{61A94351-89D6-4032-971F-9AD33E19531D}.Ad-Hoc|x64.Deploy.0 = Release|Any CPU
		{61A94351-89D6-4032-971F-9AD33E19531D}.Ad-Hoc|x86.ActiveCfg = Release|Any CPU
		{61A94351-89D6-4032-971F-9AD33E19531D}.Ad-Hoc|x86.Build.0 = Release|Any CPU
		{61A94351-89D6-4032-971F-9AD33E19531D}.Ad-Hoc|x86.Deploy.0 = Release|Any CPU
		{61A94351-89D6-4032-971F-9AD33E19531D}.AppStore|Any CPU.ActiveCfg = Release|Any CPU
		{61A94351-89D6-4032-971F-9AD33E19531D}.AppStore|Any CPU.Build.0 = Release|Any CPU
		{61A94351-89D6-4032-971F-9AD33E19531D}.AppStore|Any CPU.Deploy.0 = Release|Any CPU
		{61A94351-89D6-4032-971F-9AD33E19531D}.AppStore|ARM.ActiveCfg = Release|Any CPU
		{61A94351-89D6-4032-971F-9AD33E19531D}.AppStore|ARM.Build.0 = Release|Any CPU
		{61A94351-89D6-4032-971F-9AD33E19531D}.AppStore|ARM.Deploy.0 = Release|Any CPU
		{61A94351-89D6-4032-971F-9AD33E19531D}.AppStore|iPhone.ActiveCfg = Release|Any CPU
		{61A94351-89D6-4032-971F-9AD33E19531D}.AppStore|iPhone.Build.0 = Release|Any CPU
		{61A94351-89D6-4032-971F-9AD33E19531D}.AppStore|iPhone.Deploy.0 = Release|Any CPU
		{61A94351-89D6-4032-971F-9AD33E19531D}.AppStore|iPhoneSimulator.ActiveCfg = Release|Any CPU
		{61A94351-89D6-4032-971F-9AD33E19531D}.AppStore|iPhoneSimulator.Build.0 = Release|Any CPU
		{61A94351-89D6-4032-971F-9AD33E19531D}.AppStore|iPhoneSimulator.Deploy.0 = Release|Any CPU
		{61A94351-89D6-4032-971F-9AD33E19531D}.AppStore|x64.ActiveCfg = Release|Any CPU
		{61A94351-89D6-4032-971F-9AD33E19531D}.AppStore|x64.Build.0 = Release|Any CPU
		{61A94351-89D6-4032-971F-9AD33E19531D}.AppStore|x64.Deploy.0 = Release|Any CPU
		{61A94351-89D6-4032-971F-9AD33E19531D}.AppStore|x86.ActiveCfg = Release|Any CPU
		{61A94351-89D6-4032-971F-9AD33E19531D}.AppStore|x86.Build.0 = Release|Any CPU
		{61A94351-89D6-4032-971F-9AD33E19531D}.AppStore|x86.Deploy.0 = Release|Any CPU
		{61A94351-89D6-4032-971F-9AD33E19531D}.Debug|Any CPU.ActiveCfg = Debug|Any CPU
		{61A94351-89D6-4032-971F-9AD33E19531D}.Debug|Any CPU.Build.0 = Debug|Any CPU
		{61A94351-89D6-4032-971F-9AD33E19531D}.Debug|Any CPU.Deploy.0 = Debug|Any CPU
		{61A94351-89D6-4032-971F-9AD33E19531D}.Debug|ARM.ActiveCfg = Debug|Any CPU
		{61A94351-89D6-4032-971F-9AD33E19531D}.Debug|ARM.Build.0 = Debug|Any CPU
		{61A94351-89D6-4032-971F-9AD33E19531D}.Debug|ARM.Deploy.0 = Debug|Any CPU
		{61A94351-89D6-4032-971F-9AD33E19531D}.Debug|iPhone.ActiveCfg = Debug|Any CPU
		{61A94351-89D6-4032-971F-9AD33E19531D}.Debug|iPhone.Build.0 = Debug|Any CPU
		{61A94351-89D6-4032-971F-9AD33E19531D}.Debug|iPhone.Deploy.0 = Debug|Any CPU
		{61A94351-89D6-4032-971F-9AD33E19531D}.Debug|iPhoneSimulator.ActiveCfg = Debug|Any CPU
		{61A94351-89D6-4032-971F-9AD33E19531D}.Debug|iPhoneSimulator.Build.0 = Debug|Any CPU
		{61A94351-89D6-4032-971F-9AD33E19531D}.Debug|iPhoneSimulator.Deploy.0 = Debug|Any CPU
		{61A94351-89D6-4032-971F-9AD33E19531D}.Debug|x64.ActiveCfg = Debug|Any CPU
		{61A94351-89D6-4032-971F-9AD33E19531D}.Debug|x64.Build.0 = Debug|Any CPU
		{61A94351-89D6-4032-971F-9AD33E19531D}.Debug|x64.Deploy.0 = Debug|Any CPU
		{61A94351-89D6-4032-971F-9AD33E19531D}.Debug|x86.ActiveCfg = Debug|Any CPU
		{61A94351-89D6-4032-971F-9AD33E19531D}.Debug|x86.Build.0 = Debug|Any CPU
		{61A94351-89D6-4032-971F-9AD33E19531D}.Debug|x86.Deploy.0 = Debug|Any CPU
		{61A94351-89D6-4032-971F-9AD33E19531D}.Release|Any CPU.ActiveCfg = Release|Any CPU
		{61A94351-89D6-4032-971F-9AD33E19531D}.Release|Any CPU.Build.0 = Release|Any CPU
		{61A94351-89D6-4032-971F-9AD33E19531D}.Release|Any CPU.Deploy.0 = Release|Any CPU
		{61A94351-89D6-4032-971F-9AD33E19531D}.Release|ARM.ActiveCfg = Release|Any CPU
		{61A94351-89D6-4032-971F-9AD33E19531D}.Release|ARM.Build.0 = Release|Any CPU
		{61A94351-89D6-4032-971F-9AD33E19531D}.Release|ARM.Deploy.0 = Release|Any CPU
		{61A94351-89D6-4032-971F-9AD33E19531D}.Release|iPhone.ActiveCfg = Release|Any CPU
		{61A94351-89D6-4032-971F-9AD33E19531D}.Release|iPhone.Build.0 = Release|Any CPU
		{61A94351-89D6-4032-971F-9AD33E19531D}.Release|iPhone.Deploy.0 = Release|Any CPU
		{61A94351-89D6-4032-971F-9AD33E19531D}.Release|iPhoneSimulator.ActiveCfg = Release|Any CPU
		{61A94351-89D6-4032-971F-9AD33E19531D}.Release|iPhoneSimulator.Build.0 = Release|Any CPU
		{61A94351-89D6-4032-971F-9AD33E19531D}.Release|iPhoneSimulator.Deploy.0 = Release|Any CPU
		{61A94351-89D6-4032-971F-9AD33E19531D}.Release|x64.ActiveCfg = Release|Any CPU
		{61A94351-89D6-4032-971F-9AD33E19531D}.Release|x64.Build.0 = Release|Any CPU
		{61A94351-89D6-4032-971F-9AD33E19531D}.Release|x64.Deploy.0 = Release|Any CPU
		{61A94351-89D6-4032-971F-9AD33E19531D}.Release|x86.ActiveCfg = Release|Any CPU
		{61A94351-89D6-4032-971F-9AD33E19531D}.Release|x86.Build.0 = Release|Any CPU
		{61A94351-89D6-4032-971F-9AD33E19531D}.Release|x86.Deploy.0 = Release|Any CPU
		{84296155-5743-4C11-84BF-77F12F9FA531}.Ad-Hoc|Any CPU.ActiveCfg = Release|Any CPU
		{84296155-5743-4C11-84BF-77F12F9FA531}.Ad-Hoc|Any CPU.Build.0 = Release|Any CPU
		{84296155-5743-4C11-84BF-77F12F9FA531}.Ad-Hoc|ARM.ActiveCfg = Release|Any CPU
		{84296155-5743-4C11-84BF-77F12F9FA531}.Ad-Hoc|ARM.Build.0 = Release|Any CPU
		{84296155-5743-4C11-84BF-77F12F9FA531}.Ad-Hoc|iPhone.ActiveCfg = Release|Any CPU
		{84296155-5743-4C11-84BF-77F12F9FA531}.Ad-Hoc|iPhone.Build.0 = Release|Any CPU
		{84296155-5743-4C11-84BF-77F12F9FA531}.Ad-Hoc|iPhoneSimulator.ActiveCfg = Release|Any CPU
		{84296155-5743-4C11-84BF-77F12F9FA531}.Ad-Hoc|iPhoneSimulator.Build.0 = Release|Any CPU
		{84296155-5743-4C11-84BF-77F12F9FA531}.Ad-Hoc|x64.ActiveCfg = Release|Any CPU
		{84296155-5743-4C11-84BF-77F12F9FA531}.Ad-Hoc|x64.Build.0 = Release|Any CPU
		{84296155-5743-4C11-84BF-77F12F9FA531}.Ad-Hoc|x86.ActiveCfg = Release|Any CPU
		{84296155-5743-4C11-84BF-77F12F9FA531}.Ad-Hoc|x86.Build.0 = Release|Any CPU
		{84296155-5743-4C11-84BF-77F12F9FA531}.AppStore|Any CPU.ActiveCfg = Release|Any CPU
		{84296155-5743-4C11-84BF-77F12F9FA531}.AppStore|Any CPU.Build.0 = Release|Any CPU
		{84296155-5743-4C11-84BF-77F12F9FA531}.AppStore|ARM.ActiveCfg = Release|Any CPU
		{84296155-5743-4C11-84BF-77F12F9FA531}.AppStore|ARM.Build.0 = Release|Any CPU
		{84296155-5743-4C11-84BF-77F12F9FA531}.AppStore|iPhone.ActiveCfg = Release|Any CPU
		{84296155-5743-4C11-84BF-77F12F9FA531}.AppStore|iPhone.Build.0 = Release|Any CPU
		{84296155-5743-4C11-84BF-77F12F9FA531}.AppStore|iPhoneSimulator.ActiveCfg = Release|Any CPU
		{84296155-5743-4C11-84BF-77F12F9FA531}.AppStore|iPhoneSimulator.Build.0 = Release|Any CPU
		{84296155-5743-4C11-84BF-77F12F9FA531}.AppStore|x64.ActiveCfg = Release|Any CPU
		{84296155-5743-4C11-84BF-77F12F9FA531}.AppStore|x64.Build.0 = Release|Any CPU
		{84296155-5743-4C11-84BF-77F12F9FA531}.AppStore|x86.ActiveCfg = Release|Any CPU
		{84296155-5743-4C11-84BF-77F12F9FA531}.AppStore|x86.Build.0 = Release|Any CPU
		{84296155-5743-4C11-84BF-77F12F9FA531}.Debug|Any CPU.ActiveCfg = Debug|Any CPU
		{84296155-5743-4C11-84BF-77F12F9FA531}.Debug|Any CPU.Build.0 = Debug|Any CPU
		{84296155-5743-4C11-84BF-77F12F9FA531}.Debug|ARM.ActiveCfg = Debug|Any CPU
		{84296155-5743-4C11-84BF-77F12F9FA531}.Debug|ARM.Build.0 = Debug|Any CPU
		{84296155-5743-4C11-84BF-77F12F9FA531}.Debug|iPhone.ActiveCfg = Debug|Any CPU
		{84296155-5743-4C11-84BF-77F12F9FA531}.Debug|iPhone.Build.0 = Debug|Any CPU
		{84296155-5743-4C11-84BF-77F12F9FA531}.Debug|iPhoneSimulator.ActiveCfg = Debug|Any CPU
		{84296155-5743-4C11-84BF-77F12F9FA531}.Debug|iPhoneSimulator.Build.0 = Debug|Any CPU
		{84296155-5743-4C11-84BF-77F12F9FA531}.Debug|x64.ActiveCfg = Debug|Any CPU
		{84296155-5743-4C11-84BF-77F12F9FA531}.Debug|x64.Build.0 = Debug|Any CPU
		{84296155-5743-4C11-84BF-77F12F9FA531}.Debug|x86.ActiveCfg = Debug|Any CPU
		{84296155-5743-4C11-84BF-77F12F9FA531}.Debug|x86.Build.0 = Debug|Any CPU
		{84296155-5743-4C11-84BF-77F12F9FA531}.Release|Any CPU.ActiveCfg = Release|Any CPU
		{84296155-5743-4C11-84BF-77F12F9FA531}.Release|Any CPU.Build.0 = Release|Any CPU
		{84296155-5743-4C11-84BF-77F12F9FA531}.Release|ARM.ActiveCfg = Release|Any CPU
		{84296155-5743-4C11-84BF-77F12F9FA531}.Release|ARM.Build.0 = Release|Any CPU
		{84296155-5743-4C11-84BF-77F12F9FA531}.Release|iPhone.ActiveCfg = Release|Any CPU
		{84296155-5743-4C11-84BF-77F12F9FA531}.Release|iPhone.Build.0 = Release|Any CPU
		{84296155-5743-4C11-84BF-77F12F9FA531}.Release|iPhoneSimulator.ActiveCfg = Release|Any CPU
		{84296155-5743-4C11-84BF-77F12F9FA531}.Release|iPhoneSimulator.Build.0 = Release|Any CPU
		{84296155-5743-4C11-84BF-77F12F9FA531}.Release|x64.ActiveCfg = Release|Any CPU
		{84296155-5743-4C11-84BF-77F12F9FA531}.Release|x64.Build.0 = Release|Any CPU
		{84296155-5743-4C11-84BF-77F12F9FA531}.Release|x86.ActiveCfg = Release|Any CPU
		{84296155-5743-4C11-84BF-77F12F9FA531}.Release|x86.Build.0 = Release|Any CPU
		{6ECABEFA-D96A-41A4-9DE7-E547228275FD}.Ad-Hoc|Any CPU.ActiveCfg = Release|Any CPU
		{6ECABEFA-D96A-41A4-9DE7-E547228275FD}.Ad-Hoc|Any CPU.Build.0 = Release|Any CPU
		{6ECABEFA-D96A-41A4-9DE7-E547228275FD}.Ad-Hoc|Any CPU.Deploy.0 = Release|Any CPU
		{6ECABEFA-D96A-41A4-9DE7-E547228275FD}.Ad-Hoc|ARM.ActiveCfg = Release|ARM
		{6ECABEFA-D96A-41A4-9DE7-E547228275FD}.Ad-Hoc|ARM.Build.0 = Release|ARM
		{6ECABEFA-D96A-41A4-9DE7-E547228275FD}.Ad-Hoc|ARM.Deploy.0 = Release|ARM
		{6ECABEFA-D96A-41A4-9DE7-E547228275FD}.Ad-Hoc|iPhone.ActiveCfg = Release|Any CPU
		{6ECABEFA-D96A-41A4-9DE7-E547228275FD}.Ad-Hoc|iPhone.Build.0 = Release|Any CPU
		{6ECABEFA-D96A-41A4-9DE7-E547228275FD}.Ad-Hoc|iPhone.Deploy.0 = Release|Any CPU
		{6ECABEFA-D96A-41A4-9DE7-E547228275FD}.Ad-Hoc|iPhoneSimulator.ActiveCfg = Release|Any CPU
		{6ECABEFA-D96A-41A4-9DE7-E547228275FD}.Ad-Hoc|iPhoneSimulator.Build.0 = Release|Any CPU
		{6ECABEFA-D96A-41A4-9DE7-E547228275FD}.Ad-Hoc|iPhoneSimulator.Deploy.0 = Release|Any CPU
		{6ECABEFA-D96A-41A4-9DE7-E547228275FD}.Ad-Hoc|x64.ActiveCfg = Release|x64
		{6ECABEFA-D96A-41A4-9DE7-E547228275FD}.Ad-Hoc|x64.Build.0 = Release|x64
		{6ECABEFA-D96A-41A4-9DE7-E547228275FD}.Ad-Hoc|x64.Deploy.0 = Release|x64
		{6ECABEFA-D96A-41A4-9DE7-E547228275FD}.Ad-Hoc|x86.ActiveCfg = Release|x86
		{6ECABEFA-D96A-41A4-9DE7-E547228275FD}.Ad-Hoc|x86.Build.0 = Release|x86
		{6ECABEFA-D96A-41A4-9DE7-E547228275FD}.Ad-Hoc|x86.Deploy.0 = Release|x86
		{6ECABEFA-D96A-41A4-9DE7-E547228275FD}.AppStore|Any CPU.ActiveCfg = Release|Any CPU
		{6ECABEFA-D96A-41A4-9DE7-E547228275FD}.AppStore|Any CPU.Build.0 = Release|Any CPU
		{6ECABEFA-D96A-41A4-9DE7-E547228275FD}.AppStore|Any CPU.Deploy.0 = Release|Any CPU
		{6ECABEFA-D96A-41A4-9DE7-E547228275FD}.AppStore|ARM.ActiveCfg = Release|ARM
		{6ECABEFA-D96A-41A4-9DE7-E547228275FD}.AppStore|ARM.Build.0 = Release|ARM
		{6ECABEFA-D96A-41A4-9DE7-E547228275FD}.AppStore|ARM.Deploy.0 = Release|ARM
		{6ECABEFA-D96A-41A4-9DE7-E547228275FD}.AppStore|iPhone.ActiveCfg = Release|Any CPU
		{6ECABEFA-D96A-41A4-9DE7-E547228275FD}.AppStore|iPhone.Build.0 = Release|Any CPU
		{6ECABEFA-D96A-41A4-9DE7-E547228275FD}.AppStore|iPhone.Deploy.0 = Release|Any CPU
		{6ECABEFA-D96A-41A4-9DE7-E547228275FD}.AppStore|iPhoneSimulator.ActiveCfg = Release|Any CPU
		{6ECABEFA-D96A-41A4-9DE7-E547228275FD}.AppStore|iPhoneSimulator.Build.0 = Release|Any CPU
		{6ECABEFA-D96A-41A4-9DE7-E547228275FD}.AppStore|iPhoneSimulator.Deploy.0 = Release|Any CPU
		{6ECABEFA-D96A-41A4-9DE7-E547228275FD}.AppStore|x64.ActiveCfg = Release|x64
		{6ECABEFA-D96A-41A4-9DE7-E547228275FD}.AppStore|x64.Build.0 = Release|x64
		{6ECABEFA-D96A-41A4-9DE7-E547228275FD}.AppStore|x64.Deploy.0 = Release|x64
		{6ECABEFA-D96A-41A4-9DE7-E547228275FD}.AppStore|x86.ActiveCfg = Release|x86
		{6ECABEFA-D96A-41A4-9DE7-E547228275FD}.AppStore|x86.Build.0 = Release|x86
		{6ECABEFA-D96A-41A4-9DE7-E547228275FD}.AppStore|x86.Deploy.0 = Release|x86
		{6ECABEFA-D96A-41A4-9DE7-E547228275FD}.Debug|Any CPU.ActiveCfg = Debug|Any CPU
		{6ECABEFA-D96A-41A4-9DE7-E547228275FD}.Debug|Any CPU.Build.0 = Debug|Any CPU
		{6ECABEFA-D96A-41A4-9DE7-E547228275FD}.Debug|Any CPU.Deploy.0 = Debug|Any CPU
		{6ECABEFA-D96A-41A4-9DE7-E547228275FD}.Debug|ARM.ActiveCfg = Debug|ARM
		{6ECABEFA-D96A-41A4-9DE7-E547228275FD}.Debug|ARM.Build.0 = Debug|ARM
		{6ECABEFA-D96A-41A4-9DE7-E547228275FD}.Debug|ARM.Deploy.0 = Debug|ARM
		{6ECABEFA-D96A-41A4-9DE7-E547228275FD}.Debug|iPhone.ActiveCfg = Debug|Any CPU
		{6ECABEFA-D96A-41A4-9DE7-E547228275FD}.Debug|iPhone.Build.0 = Debug|Any CPU
		{6ECABEFA-D96A-41A4-9DE7-E547228275FD}.Debug|iPhone.Deploy.0 = Debug|Any CPU
		{6ECABEFA-D96A-41A4-9DE7-E547228275FD}.Debug|iPhoneSimulator.ActiveCfg = Debug|Any CPU
		{6ECABEFA-D96A-41A4-9DE7-E547228275FD}.Debug|iPhoneSimulator.Build.0 = Debug|Any CPU
		{6ECABEFA-D96A-41A4-9DE7-E547228275FD}.Debug|iPhoneSimulator.Deploy.0 = Debug|Any CPU
		{6ECABEFA-D96A-41A4-9DE7-E547228275FD}.Debug|x64.ActiveCfg = Debug|x64
		{6ECABEFA-D96A-41A4-9DE7-E547228275FD}.Debug|x64.Build.0 = Debug|x64
		{6ECABEFA-D96A-41A4-9DE7-E547228275FD}.Debug|x64.Deploy.0 = Debug|x64
		{6ECABEFA-D96A-41A4-9DE7-E547228275FD}.Debug|x86.ActiveCfg = Debug|x86
		{6ECABEFA-D96A-41A4-9DE7-E547228275FD}.Debug|x86.Build.0 = Debug|x86
		{6ECABEFA-D96A-41A4-9DE7-E547228275FD}.Debug|x86.Deploy.0 = Debug|x86
		{6ECABEFA-D96A-41A4-9DE7-E547228275FD}.Release|Any CPU.ActiveCfg = Release|Any CPU
		{6ECABEFA-D96A-41A4-9DE7-E547228275FD}.Release|Any CPU.Build.0 = Release|Any CPU
		{6ECABEFA-D96A-41A4-9DE7-E547228275FD}.Release|Any CPU.Deploy.0 = Release|Any CPU
		{6ECABEFA-D96A-41A4-9DE7-E547228275FD}.Release|ARM.ActiveCfg = Release|ARM
		{6ECABEFA-D96A-41A4-9DE7-E547228275FD}.Release|ARM.Build.0 = Release|ARM
		{6ECABEFA-D96A-41A4-9DE7-E547228275FD}.Release|ARM.Deploy.0 = Release|ARM
		{6ECABEFA-D96A-41A4-9DE7-E547228275FD}.Release|iPhone.ActiveCfg = Release|Any CPU
		{6ECABEFA-D96A-41A4-9DE7-E547228275FD}.Release|iPhone.Build.0 = Release|Any CPU
		{6ECABEFA-D96A-41A4-9DE7-E547228275FD}.Release|iPhone.Deploy.0 = Release|Any CPU
		{6ECABEFA-D96A-41A4-9DE7-E547228275FD}.Release|iPhoneSimulator.ActiveCfg = Release|Any CPU
		{6ECABEFA-D96A-41A4-9DE7-E547228275FD}.Release|iPhoneSimulator.Build.0 = Release|Any CPU
		{6ECABEFA-D96A-41A4-9DE7-E547228275FD}.Release|iPhoneSimulator.Deploy.0 = Release|Any CPU
		{6ECABEFA-D96A-41A4-9DE7-E547228275FD}.Release|x64.ActiveCfg = Release|x64
		{6ECABEFA-D96A-41A4-9DE7-E547228275FD}.Release|x64.Build.0 = Release|x64
		{6ECABEFA-D96A-41A4-9DE7-E547228275FD}.Release|x64.Deploy.0 = Release|x64
		{6ECABEFA-D96A-41A4-9DE7-E547228275FD}.Release|x86.ActiveCfg = Release|x86
		{6ECABEFA-D96A-41A4-9DE7-E547228275FD}.Release|x86.Build.0 = Release|x86
		{6ECABEFA-D96A-41A4-9DE7-E547228275FD}.Release|x86.Deploy.0 = Release|x86
		{4B2BF334-D7F3-432A-9463-004C02C29946}.Ad-Hoc|Any CPU.ActiveCfg = Release|x64
		{4B2BF334-D7F3-432A-9463-004C02C29946}.Ad-Hoc|Any CPU.Build.0 = Release|x64
		{4B2BF334-D7F3-432A-9463-004C02C29946}.Ad-Hoc|Any CPU.Deploy.0 = Release|x64
		{4B2BF334-D7F3-432A-9463-004C02C29946}.Ad-Hoc|ARM.ActiveCfg = Release|ARM
		{4B2BF334-D7F3-432A-9463-004C02C29946}.Ad-Hoc|ARM.Build.0 = Release|ARM
		{4B2BF334-D7F3-432A-9463-004C02C29946}.Ad-Hoc|ARM.Deploy.0 = Release|ARM
		{4B2BF334-D7F3-432A-9463-004C02C29946}.Ad-Hoc|iPhone.ActiveCfg = Release|x64
		{4B2BF334-D7F3-432A-9463-004C02C29946}.Ad-Hoc|iPhone.Build.0 = Release|x64
		{4B2BF334-D7F3-432A-9463-004C02C29946}.Ad-Hoc|iPhone.Deploy.0 = Release|x64
		{4B2BF334-D7F3-432A-9463-004C02C29946}.Ad-Hoc|iPhoneSimulator.ActiveCfg = Release|x64
		{4B2BF334-D7F3-432A-9463-004C02C29946}.Ad-Hoc|iPhoneSimulator.Build.0 = Release|x64
		{4B2BF334-D7F3-432A-9463-004C02C29946}.Ad-Hoc|iPhoneSimulator.Deploy.0 = Release|x64
		{4B2BF334-D7F3-432A-9463-004C02C29946}.Ad-Hoc|x64.ActiveCfg = Release|x64
		{4B2BF334-D7F3-432A-9463-004C02C29946}.Ad-Hoc|x64.Build.0 = Release|x64
		{4B2BF334-D7F3-432A-9463-004C02C29946}.Ad-Hoc|x64.Deploy.0 = Release|x64
		{4B2BF334-D7F3-432A-9463-004C02C29946}.Ad-Hoc|x86.ActiveCfg = Release|x86
		{4B2BF334-D7F3-432A-9463-004C02C29946}.Ad-Hoc|x86.Build.0 = Release|x86
		{4B2BF334-D7F3-432A-9463-004C02C29946}.Ad-Hoc|x86.Deploy.0 = Release|x86
		{4B2BF334-D7F3-432A-9463-004C02C29946}.AppStore|Any CPU.ActiveCfg = Release|x64
		{4B2BF334-D7F3-432A-9463-004C02C29946}.AppStore|Any CPU.Build.0 = Release|x64
		{4B2BF334-D7F3-432A-9463-004C02C29946}.AppStore|Any CPU.Deploy.0 = Release|x64
		{4B2BF334-D7F3-432A-9463-004C02C29946}.AppStore|ARM.ActiveCfg = Release|ARM
		{4B2BF334-D7F3-432A-9463-004C02C29946}.AppStore|ARM.Build.0 = Release|ARM
		{4B2BF334-D7F3-432A-9463-004C02C29946}.AppStore|ARM.Deploy.0 = Release|ARM
		{4B2BF334-D7F3-432A-9463-004C02C29946}.AppStore|iPhone.ActiveCfg = Release|x64
		{4B2BF334-D7F3-432A-9463-004C02C29946}.AppStore|iPhone.Build.0 = Release|x64
		{4B2BF334-D7F3-432A-9463-004C02C29946}.AppStore|iPhone.Deploy.0 = Release|x64
		{4B2BF334-D7F3-432A-9463-004C02C29946}.AppStore|iPhoneSimulator.ActiveCfg = Release|x64
		{4B2BF334-D7F3-432A-9463-004C02C29946}.AppStore|iPhoneSimulator.Build.0 = Release|x64
		{4B2BF334-D7F3-432A-9463-004C02C29946}.AppStore|iPhoneSimulator.Deploy.0 = Release|x64
		{4B2BF334-D7F3-432A-9463-004C02C29946}.AppStore|x64.ActiveCfg = Release|x64
		{4B2BF334-D7F3-432A-9463-004C02C29946}.AppStore|x64.Build.0 = Release|x64
		{4B2BF334-D7F3-432A-9463-004C02C29946}.AppStore|x64.Deploy.0 = Release|x64
		{4B2BF334-D7F3-432A-9463-004C02C29946}.AppStore|x86.ActiveCfg = Release|x86
		{4B2BF334-D7F3-432A-9463-004C02C29946}.AppStore|x86.Build.0 = Release|x86
		{4B2BF334-D7F3-432A-9463-004C02C29946}.AppStore|x86.Deploy.0 = Release|x86
		{4B2BF334-D7F3-432A-9463-004C02C29946}.Debug|Any CPU.ActiveCfg = Debug|x86
		{4B2BF334-D7F3-432A-9463-004C02C29946}.Debug|Any CPU.Build.0 = Debug|x86
		{4B2BF334-D7F3-432A-9463-004C02C29946}.Debug|Any CPU.Deploy.0 = Debug|x86
		{4B2BF334-D7F3-432A-9463-004C02C29946}.Debug|ARM.ActiveCfg = Debug|ARM
		{4B2BF334-D7F3-432A-9463-004C02C29946}.Debug|ARM.Build.0 = Debug|ARM
		{4B2BF334-D7F3-432A-9463-004C02C29946}.Debug|ARM.Deploy.0 = Debug|ARM
		{4B2BF334-D7F3-432A-9463-004C02C29946}.Debug|iPhone.ActiveCfg = Debug|x86
		{4B2BF334-D7F3-432A-9463-004C02C29946}.Debug|iPhoneSimulator.ActiveCfg = Debug|x86
		{4B2BF334-D7F3-432A-9463-004C02C29946}.Debug|x64.ActiveCfg = Debug|x64
		{4B2BF334-D7F3-432A-9463-004C02C29946}.Debug|x64.Build.0 = Debug|x64
		{4B2BF334-D7F3-432A-9463-004C02C29946}.Debug|x64.Deploy.0 = Debug|x64
		{4B2BF334-D7F3-432A-9463-004C02C29946}.Debug|x86.ActiveCfg = Debug|x86
		{4B2BF334-D7F3-432A-9463-004C02C29946}.Debug|x86.Build.0 = Debug|x86
		{4B2BF334-D7F3-432A-9463-004C02C29946}.Debug|x86.Deploy.0 = Debug|x86
		{4B2BF334-D7F3-432A-9463-004C02C29946}.Release|Any CPU.ActiveCfg = Release|x86
		{4B2BF334-D7F3-432A-9463-004C02C29946}.Release|ARM.ActiveCfg = Release|ARM
		{4B2BF334-D7F3-432A-9463-004C02C29946}.Release|ARM.Build.0 = Release|ARM
		{4B2BF334-D7F3-432A-9463-004C02C29946}.Release|ARM.Deploy.0 = Release|ARM
		{4B2BF334-D7F3-432A-9463-004C02C29946}.Release|iPhone.ActiveCfg = Release|x86
		{4B2BF334-D7F3-432A-9463-004C02C29946}.Release|iPhoneSimulator.ActiveCfg = Release|x86
		{4B2BF334-D7F3-432A-9463-004C02C29946}.Release|x64.ActiveCfg = Release|x64
		{4B2BF334-D7F3-432A-9463-004C02C29946}.Release|x64.Build.0 = Release|x64
		{4B2BF334-D7F3-432A-9463-004C02C29946}.Release|x64.Deploy.0 = Release|x64
		{4B2BF334-D7F3-432A-9463-004C02C29946}.Release|x86.ActiveCfg = Release|x86
		{4B2BF334-D7F3-432A-9463-004C02C29946}.Release|x86.Build.0 = Release|x86
		{4B2BF334-D7F3-432A-9463-004C02C29946}.Release|x86.Deploy.0 = Release|x86
		{EE266170-5A69-4E3C-AF57-9B5142B5E80D}.Ad-Hoc|Any CPU.ActiveCfg = Release|Any CPU
		{EE266170-5A69-4E3C-AF57-9B5142B5E80D}.Ad-Hoc|Any CPU.Build.0 = Release|Any CPU
		{EE266170-5A69-4E3C-AF57-9B5142B5E80D}.Ad-Hoc|Any CPU.Deploy.0 = Release|Any CPU
		{EE266170-5A69-4E3C-AF57-9B5142B5E80D}.Ad-Hoc|ARM.ActiveCfg = Release|ARM
		{EE266170-5A69-4E3C-AF57-9B5142B5E80D}.Ad-Hoc|ARM.Build.0 = Release|ARM
		{EE266170-5A69-4E3C-AF57-9B5142B5E80D}.Ad-Hoc|ARM.Deploy.0 = Release|ARM
		{EE266170-5A69-4E3C-AF57-9B5142B5E80D}.Ad-Hoc|iPhone.ActiveCfg = Release|Any CPU
		{EE266170-5A69-4E3C-AF57-9B5142B5E80D}.Ad-Hoc|iPhone.Build.0 = Release|Any CPU
		{EE266170-5A69-4E3C-AF57-9B5142B5E80D}.Ad-Hoc|iPhone.Deploy.0 = Release|Any CPU
		{EE266170-5A69-4E3C-AF57-9B5142B5E80D}.Ad-Hoc|iPhoneSimulator.ActiveCfg = Release|Any CPU
		{EE266170-5A69-4E3C-AF57-9B5142B5E80D}.Ad-Hoc|iPhoneSimulator.Build.0 = Release|Any CPU
		{EE266170-5A69-4E3C-AF57-9B5142B5E80D}.Ad-Hoc|iPhoneSimulator.Deploy.0 = Release|Any CPU
		{EE266170-5A69-4E3C-AF57-9B5142B5E80D}.Ad-Hoc|x64.ActiveCfg = Release|Any CPU
		{EE266170-5A69-4E3C-AF57-9B5142B5E80D}.Ad-Hoc|x64.Build.0 = Release|Any CPU
		{EE266170-5A69-4E3C-AF57-9B5142B5E80D}.Ad-Hoc|x64.Deploy.0 = Release|Any CPU
		{EE266170-5A69-4E3C-AF57-9B5142B5E80D}.Ad-Hoc|x86.ActiveCfg = Release|x86
		{EE266170-5A69-4E3C-AF57-9B5142B5E80D}.Ad-Hoc|x86.Build.0 = Release|x86
		{EE266170-5A69-4E3C-AF57-9B5142B5E80D}.Ad-Hoc|x86.Deploy.0 = Release|x86
		{EE266170-5A69-4E3C-AF57-9B5142B5E80D}.AppStore|Any CPU.ActiveCfg = Release|Any CPU
		{EE266170-5A69-4E3C-AF57-9B5142B5E80D}.AppStore|Any CPU.Build.0 = Release|Any CPU
		{EE266170-5A69-4E3C-AF57-9B5142B5E80D}.AppStore|Any CPU.Deploy.0 = Release|Any CPU
		{EE266170-5A69-4E3C-AF57-9B5142B5E80D}.AppStore|ARM.ActiveCfg = Release|ARM
		{EE266170-5A69-4E3C-AF57-9B5142B5E80D}.AppStore|ARM.Build.0 = Release|ARM
		{EE266170-5A69-4E3C-AF57-9B5142B5E80D}.AppStore|ARM.Deploy.0 = Release|ARM
		{EE266170-5A69-4E3C-AF57-9B5142B5E80D}.AppStore|iPhone.ActiveCfg = Release|Any CPU
		{EE266170-5A69-4E3C-AF57-9B5142B5E80D}.AppStore|iPhone.Build.0 = Release|Any CPU
		{EE266170-5A69-4E3C-AF57-9B5142B5E80D}.AppStore|iPhone.Deploy.0 = Release|Any CPU
		{EE266170-5A69-4E3C-AF57-9B5142B5E80D}.AppStore|iPhoneSimulator.ActiveCfg = Release|Any CPU
		{EE266170-5A69-4E3C-AF57-9B5142B5E80D}.AppStore|iPhoneSimulator.Build.0 = Release|Any CPU
		{EE266170-5A69-4E3C-AF57-9B5142B5E80D}.AppStore|iPhoneSimulator.Deploy.0 = Release|Any CPU
		{EE266170-5A69-4E3C-AF57-9B5142B5E80D}.AppStore|x64.ActiveCfg = Release|Any CPU
		{EE266170-5A69-4E3C-AF57-9B5142B5E80D}.AppStore|x64.Build.0 = Release|Any CPU
		{EE266170-5A69-4E3C-AF57-9B5142B5E80D}.AppStore|x64.Deploy.0 = Release|Any CPU
		{EE266170-5A69-4E3C-AF57-9B5142B5E80D}.AppStore|x86.ActiveCfg = Release|x86
		{EE266170-5A69-4E3C-AF57-9B5142B5E80D}.AppStore|x86.Build.0 = Release|x86
		{EE266170-5A69-4E3C-AF57-9B5142B5E80D}.AppStore|x86.Deploy.0 = Release|x86
		{EE266170-5A69-4E3C-AF57-9B5142B5E80D}.Debug|Any CPU.ActiveCfg = Debug|x86
		{EE266170-5A69-4E3C-AF57-9B5142B5E80D}.Debug|Any CPU.Build.0 = Debug|x86
		{EE266170-5A69-4E3C-AF57-9B5142B5E80D}.Debug|Any CPU.Deploy.0 = Debug|x86
		{EE266170-5A69-4E3C-AF57-9B5142B5E80D}.Debug|ARM.ActiveCfg = Debug|ARM
		{EE266170-5A69-4E3C-AF57-9B5142B5E80D}.Debug|ARM.Build.0 = Debug|ARM
		{EE266170-5A69-4E3C-AF57-9B5142B5E80D}.Debug|ARM.Deploy.0 = Debug|ARM
		{EE266170-5A69-4E3C-AF57-9B5142B5E80D}.Debug|iPhone.ActiveCfg = Debug|Any CPU
		{EE266170-5A69-4E3C-AF57-9B5142B5E80D}.Debug|iPhone.Build.0 = Debug|Any CPU
		{EE266170-5A69-4E3C-AF57-9B5142B5E80D}.Debug|iPhone.Deploy.0 = Debug|Any CPU
		{EE266170-5A69-4E3C-AF57-9B5142B5E80D}.Debug|iPhoneSimulator.ActiveCfg = Debug|Any CPU
		{EE266170-5A69-4E3C-AF57-9B5142B5E80D}.Debug|iPhoneSimulator.Build.0 = Debug|Any CPU
		{EE266170-5A69-4E3C-AF57-9B5142B5E80D}.Debug|iPhoneSimulator.Deploy.0 = Debug|Any CPU
		{EE266170-5A69-4E3C-AF57-9B5142B5E80D}.Debug|x64.ActiveCfg = Debug|Any CPU
		{EE266170-5A69-4E3C-AF57-9B5142B5E80D}.Debug|x64.Build.0 = Debug|Any CPU
		{EE266170-5A69-4E3C-AF57-9B5142B5E80D}.Debug|x64.Deploy.0 = Debug|Any CPU
		{EE266170-5A69-4E3C-AF57-9B5142B5E80D}.Debug|x86.ActiveCfg = Debug|x86
		{EE266170-5A69-4E3C-AF57-9B5142B5E80D}.Debug|x86.Build.0 = Debug|x86
		{EE266170-5A69-4E3C-AF57-9B5142B5E80D}.Debug|x86.Deploy.0 = Debug|x86
		{EE266170-5A69-4E3C-AF57-9B5142B5E80D}.Release|Any CPU.ActiveCfg = Release|Any CPU
		{EE266170-5A69-4E3C-AF57-9B5142B5E80D}.Release|Any CPU.Build.0 = Release|Any CPU
		{EE266170-5A69-4E3C-AF57-9B5142B5E80D}.Release|Any CPU.Deploy.0 = Release|Any CPU
		{EE266170-5A69-4E3C-AF57-9B5142B5E80D}.Release|ARM.ActiveCfg = Release|ARM
		{EE266170-5A69-4E3C-AF57-9B5142B5E80D}.Release|ARM.Build.0 = Release|ARM
		{EE266170-5A69-4E3C-AF57-9B5142B5E80D}.Release|ARM.Deploy.0 = Release|ARM
		{EE266170-5A69-4E3C-AF57-9B5142B5E80D}.Release|iPhone.ActiveCfg = Release|Any CPU
		{EE266170-5A69-4E3C-AF57-9B5142B5E80D}.Release|iPhone.Build.0 = Release|Any CPU
		{EE266170-5A69-4E3C-AF57-9B5142B5E80D}.Release|iPhone.Deploy.0 = Release|Any CPU
		{EE266170-5A69-4E3C-AF57-9B5142B5E80D}.Release|iPhoneSimulator.ActiveCfg = Release|Any CPU
		{EE266170-5A69-4E3C-AF57-9B5142B5E80D}.Release|iPhoneSimulator.Build.0 = Release|Any CPU
		{EE266170-5A69-4E3C-AF57-9B5142B5E80D}.Release|iPhoneSimulator.Deploy.0 = Release|Any CPU
		{EE266170-5A69-4E3C-AF57-9B5142B5E80D}.Release|x64.ActiveCfg = Release|Any CPU
		{EE266170-5A69-4E3C-AF57-9B5142B5E80D}.Release|x64.Build.0 = Release|Any CPU
		{EE266170-5A69-4E3C-AF57-9B5142B5E80D}.Release|x64.Deploy.0 = Release|Any CPU
		{EE266170-5A69-4E3C-AF57-9B5142B5E80D}.Release|x86.ActiveCfg = Release|x86
		{EE266170-5A69-4E3C-AF57-9B5142B5E80D}.Release|x86.Build.0 = Release|x86
		{EE266170-5A69-4E3C-AF57-9B5142B5E80D}.Release|x86.Deploy.0 = Release|x86
		{A0CB5DD9-7D8B-4531-915D-6E2906CE52BA}.Ad-Hoc|Any CPU.ActiveCfg = Release|Any CPU
		{A0CB5DD9-7D8B-4531-915D-6E2906CE52BA}.Ad-Hoc|Any CPU.Build.0 = Release|Any CPU
		{A0CB5DD9-7D8B-4531-915D-6E2906CE52BA}.Ad-Hoc|ARM.ActiveCfg = Release|Any CPU
		{A0CB5DD9-7D8B-4531-915D-6E2906CE52BA}.Ad-Hoc|ARM.Build.0 = Release|Any CPU
		{A0CB5DD9-7D8B-4531-915D-6E2906CE52BA}.Ad-Hoc|iPhone.ActiveCfg = Release|Any CPU
		{A0CB5DD9-7D8B-4531-915D-6E2906CE52BA}.Ad-Hoc|iPhone.Build.0 = Release|Any CPU
		{A0CB5DD9-7D8B-4531-915D-6E2906CE52BA}.Ad-Hoc|iPhoneSimulator.ActiveCfg = Release|Any CPU
		{A0CB5DD9-7D8B-4531-915D-6E2906CE52BA}.Ad-Hoc|iPhoneSimulator.Build.0 = Release|Any CPU
		{A0CB5DD9-7D8B-4531-915D-6E2906CE52BA}.Ad-Hoc|x64.ActiveCfg = Release|Any CPU
		{A0CB5DD9-7D8B-4531-915D-6E2906CE52BA}.Ad-Hoc|x64.Build.0 = Release|Any CPU
		{A0CB5DD9-7D8B-4531-915D-6E2906CE52BA}.Ad-Hoc|x86.ActiveCfg = Release|Any CPU
		{A0CB5DD9-7D8B-4531-915D-6E2906CE52BA}.Ad-Hoc|x86.Build.0 = Release|Any CPU
		{A0CB5DD9-7D8B-4531-915D-6E2906CE52BA}.AppStore|Any CPU.ActiveCfg = Release|Any CPU
		{A0CB5DD9-7D8B-4531-915D-6E2906CE52BA}.AppStore|Any CPU.Build.0 = Release|Any CPU
		{A0CB5DD9-7D8B-4531-915D-6E2906CE52BA}.AppStore|ARM.ActiveCfg = Release|Any CPU
		{A0CB5DD9-7D8B-4531-915D-6E2906CE52BA}.AppStore|ARM.Build.0 = Release|Any CPU
		{A0CB5DD9-7D8B-4531-915D-6E2906CE52BA}.AppStore|iPhone.ActiveCfg = Release|Any CPU
		{A0CB5DD9-7D8B-4531-915D-6E2906CE52BA}.AppStore|iPhone.Build.0 = Release|Any CPU
		{A0CB5DD9-7D8B-4531-915D-6E2906CE52BA}.AppStore|iPhoneSimulator.ActiveCfg = Release|Any CPU
		{A0CB5DD9-7D8B-4531-915D-6E2906CE52BA}.AppStore|iPhoneSimulator.Build.0 = Release|Any CPU
		{A0CB5DD9-7D8B-4531-915D-6E2906CE52BA}.AppStore|x64.ActiveCfg = Release|Any CPU
		{A0CB5DD9-7D8B-4531-915D-6E2906CE52BA}.AppStore|x64.Build.0 = Release|Any CPU
		{A0CB5DD9-7D8B-4531-915D-6E2906CE52BA}.AppStore|x86.ActiveCfg = Release|Any CPU
		{A0CB5DD9-7D8B-4531-915D-6E2906CE52BA}.AppStore|x86.Build.0 = Release|Any CPU
		{A0CB5DD9-7D8B-4531-915D-6E2906CE52BA}.Debug|Any CPU.ActiveCfg = Debug|Any CPU
		{A0CB5DD9-7D8B-4531-915D-6E2906CE52BA}.Debug|Any CPU.Build.0 = Debug|Any CPU
		{A0CB5DD9-7D8B-4531-915D-6E2906CE52BA}.Debug|ARM.ActiveCfg = Debug|Any CPU
		{A0CB5DD9-7D8B-4531-915D-6E2906CE52BA}.Debug|ARM.Build.0 = Debug|Any CPU
		{A0CB5DD9-7D8B-4531-915D-6E2906CE52BA}.Debug|iPhone.ActiveCfg = Debug|Any CPU
		{A0CB5DD9-7D8B-4531-915D-6E2906CE52BA}.Debug|iPhone.Build.0 = Debug|Any CPU
		{A0CB5DD9-7D8B-4531-915D-6E2906CE52BA}.Debug|iPhoneSimulator.ActiveCfg = Debug|Any CPU
		{A0CB5DD9-7D8B-4531-915D-6E2906CE52BA}.Debug|iPhoneSimulator.Build.0 = Debug|Any CPU
		{A0CB5DD9-7D8B-4531-915D-6E2906CE52BA}.Debug|x64.ActiveCfg = Debug|Any CPU
		{A0CB5DD9-7D8B-4531-915D-6E2906CE52BA}.Debug|x64.Build.0 = Debug|Any CPU
		{A0CB5DD9-7D8B-4531-915D-6E2906CE52BA}.Debug|x86.ActiveCfg = Debug|Any CPU
		{A0CB5DD9-7D8B-4531-915D-6E2906CE52BA}.Debug|x86.Build.0 = Debug|Any CPU
		{A0CB5DD9-7D8B-4531-915D-6E2906CE52BA}.Release|Any CPU.ActiveCfg = Release|Any CPU
		{A0CB5DD9-7D8B-4531-915D-6E2906CE52BA}.Release|Any CPU.Build.0 = Release|Any CPU
		{A0CB5DD9-7D8B-4531-915D-6E2906CE52BA}.Release|ARM.ActiveCfg = Release|Any CPU
		{A0CB5DD9-7D8B-4531-915D-6E2906CE52BA}.Release|ARM.Build.0 = Release|Any CPU
		{A0CB5DD9-7D8B-4531-915D-6E2906CE52BA}.Release|iPhone.ActiveCfg = Release|Any CPU
		{A0CB5DD9-7D8B-4531-915D-6E2906CE52BA}.Release|iPhone.Build.0 = Release|Any CPU
		{A0CB5DD9-7D8B-4531-915D-6E2906CE52BA}.Release|iPhoneSimulator.ActiveCfg = Release|Any CPU
		{A0CB5DD9-7D8B-4531-915D-6E2906CE52BA}.Release|iPhoneSimulator.Build.0 = Release|Any CPU
		{A0CB5DD9-7D8B-4531-915D-6E2906CE52BA}.Release|x64.ActiveCfg = Release|Any CPU
		{A0CB5DD9-7D8B-4531-915D-6E2906CE52BA}.Release|x64.Build.0 = Release|Any CPU
		{A0CB5DD9-7D8B-4531-915D-6E2906CE52BA}.Release|x86.ActiveCfg = Release|Any CPU
		{A0CB5DD9-7D8B-4531-915D-6E2906CE52BA}.Release|x86.Build.0 = Release|Any CPU
		{3A39FAA9-7D43-4D1F-88EF-3EE810E9BDB9}.Ad-Hoc|Any CPU.ActiveCfg = Release|Any CPU
		{3A39FAA9-7D43-4D1F-88EF-3EE810E9BDB9}.Ad-Hoc|Any CPU.Build.0 = Release|Any CPU
		{3A39FAA9-7D43-4D1F-88EF-3EE810E9BDB9}.Ad-Hoc|ARM.ActiveCfg = Release|Any CPU
		{3A39FAA9-7D43-4D1F-88EF-3EE810E9BDB9}.Ad-Hoc|ARM.Build.0 = Release|Any CPU
		{3A39FAA9-7D43-4D1F-88EF-3EE810E9BDB9}.Ad-Hoc|iPhone.ActiveCfg = Release|Any CPU
		{3A39FAA9-7D43-4D1F-88EF-3EE810E9BDB9}.Ad-Hoc|iPhone.Build.0 = Release|Any CPU
		{3A39FAA9-7D43-4D1F-88EF-3EE810E9BDB9}.Ad-Hoc|iPhoneSimulator.ActiveCfg = Release|Any CPU
		{3A39FAA9-7D43-4D1F-88EF-3EE810E9BDB9}.Ad-Hoc|iPhoneSimulator.Build.0 = Release|Any CPU
		{3A39FAA9-7D43-4D1F-88EF-3EE810E9BDB9}.Ad-Hoc|x64.ActiveCfg = Release|Any CPU
		{3A39FAA9-7D43-4D1F-88EF-3EE810E9BDB9}.Ad-Hoc|x64.Build.0 = Release|Any CPU
		{3A39FAA9-7D43-4D1F-88EF-3EE810E9BDB9}.Ad-Hoc|x86.ActiveCfg = Release|Any CPU
		{3A39FAA9-7D43-4D1F-88EF-3EE810E9BDB9}.Ad-Hoc|x86.Build.0 = Release|Any CPU
		{3A39FAA9-7D43-4D1F-88EF-3EE810E9BDB9}.AppStore|Any CPU.ActiveCfg = Release|Any CPU
		{3A39FAA9-7D43-4D1F-88EF-3EE810E9BDB9}.AppStore|Any CPU.Build.0 = Release|Any CPU
		{3A39FAA9-7D43-4D1F-88EF-3EE810E9BDB9}.AppStore|ARM.ActiveCfg = Release|Any CPU
		{3A39FAA9-7D43-4D1F-88EF-3EE810E9BDB9}.AppStore|ARM.Build.0 = Release|Any CPU
		{3A39FAA9-7D43-4D1F-88EF-3EE810E9BDB9}.AppStore|iPhone.ActiveCfg = Release|Any CPU
		{3A39FAA9-7D43-4D1F-88EF-3EE810E9BDB9}.AppStore|iPhone.Build.0 = Release|Any CPU
		{3A39FAA9-7D43-4D1F-88EF-3EE810E9BDB9}.AppStore|iPhoneSimulator.ActiveCfg = Release|Any CPU
		{3A39FAA9-7D43-4D1F-88EF-3EE810E9BDB9}.AppStore|iPhoneSimulator.Build.0 = Release|Any CPU
		{3A39FAA9-7D43-4D1F-88EF-3EE810E9BDB9}.AppStore|x64.ActiveCfg = Release|Any CPU
		{3A39FAA9-7D43-4D1F-88EF-3EE810E9BDB9}.AppStore|x64.Build.0 = Release|Any CPU
		{3A39FAA9-7D43-4D1F-88EF-3EE810E9BDB9}.AppStore|x86.ActiveCfg = Release|Any CPU
		{3A39FAA9-7D43-4D1F-88EF-3EE810E9BDB9}.AppStore|x86.Build.0 = Release|Any CPU
		{3A39FAA9-7D43-4D1F-88EF-3EE810E9BDB9}.Debug|Any CPU.ActiveCfg = Debug|Any CPU
		{3A39FAA9-7D43-4D1F-88EF-3EE810E9BDB9}.Debug|Any CPU.Build.0 = Debug|Any CPU
		{3A39FAA9-7D43-4D1F-88EF-3EE810E9BDB9}.Debug|ARM.ActiveCfg = Debug|Any CPU
		{3A39FAA9-7D43-4D1F-88EF-3EE810E9BDB9}.Debug|ARM.Build.0 = Debug|Any CPU
		{3A39FAA9-7D43-4D1F-88EF-3EE810E9BDB9}.Debug|iPhone.ActiveCfg = Debug|Any CPU
		{3A39FAA9-7D43-4D1F-88EF-3EE810E9BDB9}.Debug|iPhone.Build.0 = Debug|Any CPU
		{3A39FAA9-7D43-4D1F-88EF-3EE810E9BDB9}.Debug|iPhoneSimulator.ActiveCfg = Debug|Any CPU
		{3A39FAA9-7D43-4D1F-88EF-3EE810E9BDB9}.Debug|iPhoneSimulator.Build.0 = Debug|Any CPU
		{3A39FAA9-7D43-4D1F-88EF-3EE810E9BDB9}.Debug|x64.ActiveCfg = Debug|Any CPU
		{3A39FAA9-7D43-4D1F-88EF-3EE810E9BDB9}.Debug|x64.Build.0 = Debug|Any CPU
		{3A39FAA9-7D43-4D1F-88EF-3EE810E9BDB9}.Debug|x86.ActiveCfg = Debug|Any CPU
		{3A39FAA9-7D43-4D1F-88EF-3EE810E9BDB9}.Debug|x86.Build.0 = Debug|Any CPU
		{3A39FAA9-7D43-4D1F-88EF-3EE810E9BDB9}.Release|Any CPU.ActiveCfg = Release|Any CPU
		{3A39FAA9-7D43-4D1F-88EF-3EE810E9BDB9}.Release|Any CPU.Build.0 = Release|Any CPU
		{3A39FAA9-7D43-4D1F-88EF-3EE810E9BDB9}.Release|ARM.ActiveCfg = Release|Any CPU
		{3A39FAA9-7D43-4D1F-88EF-3EE810E9BDB9}.Release|ARM.Build.0 = Release|Any CPU
		{3A39FAA9-7D43-4D1F-88EF-3EE810E9BDB9}.Release|iPhone.ActiveCfg = Release|Any CPU
		{3A39FAA9-7D43-4D1F-88EF-3EE810E9BDB9}.Release|iPhone.Build.0 = Release|Any CPU
		{3A39FAA9-7D43-4D1F-88EF-3EE810E9BDB9}.Release|iPhoneSimulator.ActiveCfg = Release|Any CPU
		{3A39FAA9-7D43-4D1F-88EF-3EE810E9BDB9}.Release|iPhoneSimulator.Build.0 = Release|Any CPU
		{3A39FAA9-7D43-4D1F-88EF-3EE810E9BDB9}.Release|x64.ActiveCfg = Release|Any CPU
		{3A39FAA9-7D43-4D1F-88EF-3EE810E9BDB9}.Release|x64.Build.0 = Release|Any CPU
		{3A39FAA9-7D43-4D1F-88EF-3EE810E9BDB9}.Release|x86.ActiveCfg = Release|Any CPU
		{3A39FAA9-7D43-4D1F-88EF-3EE810E9BDB9}.Release|x86.Build.0 = Release|Any CPU
		{2904EAE4-ADF8-422A-8774-ED63D60CF154}.Ad-Hoc|Any CPU.ActiveCfg = Ad-Hoc|iPhone
		{2904EAE4-ADF8-422A-8774-ED63D60CF154}.Ad-Hoc|ARM.ActiveCfg = Ad-Hoc|iPhone
		{2904EAE4-ADF8-422A-8774-ED63D60CF154}.Ad-Hoc|iPhone.ActiveCfg = Ad-Hoc|iPhone
		{2904EAE4-ADF8-422A-8774-ED63D60CF154}.Ad-Hoc|iPhone.Build.0 = Ad-Hoc|iPhone
		{2904EAE4-ADF8-422A-8774-ED63D60CF154}.Ad-Hoc|iPhoneSimulator.ActiveCfg = Ad-Hoc|iPhoneSimulator
		{2904EAE4-ADF8-422A-8774-ED63D60CF154}.Ad-Hoc|iPhoneSimulator.Build.0 = Ad-Hoc|iPhoneSimulator
		{2904EAE4-ADF8-422A-8774-ED63D60CF154}.Ad-Hoc|x64.ActiveCfg = Ad-Hoc|iPhone
		{2904EAE4-ADF8-422A-8774-ED63D60CF154}.Ad-Hoc|x86.ActiveCfg = Ad-Hoc|iPhone
		{2904EAE4-ADF8-422A-8774-ED63D60CF154}.AppStore|Any CPU.ActiveCfg = AppStore|iPhone
		{2904EAE4-ADF8-422A-8774-ED63D60CF154}.AppStore|ARM.ActiveCfg = AppStore|iPhone
		{2904EAE4-ADF8-422A-8774-ED63D60CF154}.AppStore|iPhone.ActiveCfg = AppStore|iPhone
		{2904EAE4-ADF8-422A-8774-ED63D60CF154}.AppStore|iPhone.Build.0 = AppStore|iPhone
		{2904EAE4-ADF8-422A-8774-ED63D60CF154}.AppStore|iPhoneSimulator.ActiveCfg = AppStore|iPhoneSimulator
		{2904EAE4-ADF8-422A-8774-ED63D60CF154}.AppStore|iPhoneSimulator.Build.0 = AppStore|iPhoneSimulator
		{2904EAE4-ADF8-422A-8774-ED63D60CF154}.AppStore|x64.ActiveCfg = AppStore|iPhone
		{2904EAE4-ADF8-422A-8774-ED63D60CF154}.AppStore|x86.ActiveCfg = AppStore|iPhone
		{2904EAE4-ADF8-422A-8774-ED63D60CF154}.Debug|Any CPU.ActiveCfg = Debug|iPhone
		{2904EAE4-ADF8-422A-8774-ED63D60CF154}.Debug|ARM.ActiveCfg = Debug|iPhone
		{2904EAE4-ADF8-422A-8774-ED63D60CF154}.Debug|iPhone.ActiveCfg = Debug|iPhone
		{2904EAE4-ADF8-422A-8774-ED63D60CF154}.Debug|iPhone.Build.0 = Debug|iPhone
		{2904EAE4-ADF8-422A-8774-ED63D60CF154}.Debug|iPhoneSimulator.ActiveCfg = Debug|iPhoneSimulator
		{2904EAE4-ADF8-422A-8774-ED63D60CF154}.Debug|iPhoneSimulator.Build.0 = Debug|iPhoneSimulator
		{2904EAE4-ADF8-422A-8774-ED63D60CF154}.Debug|x64.ActiveCfg = Debug|iPhone
		{2904EAE4-ADF8-422A-8774-ED63D60CF154}.Debug|x86.ActiveCfg = Debug|iPhone
		{2904EAE4-ADF8-422A-8774-ED63D60CF154}.Release|Any CPU.ActiveCfg = Release|iPhone
		{2904EAE4-ADF8-422A-8774-ED63D60CF154}.Release|ARM.ActiveCfg = Release|iPhone
		{2904EAE4-ADF8-422A-8774-ED63D60CF154}.Release|iPhone.ActiveCfg = Release|iPhone
		{2904EAE4-ADF8-422A-8774-ED63D60CF154}.Release|iPhone.Build.0 = Release|iPhone
		{2904EAE4-ADF8-422A-8774-ED63D60CF154}.Release|iPhoneSimulator.ActiveCfg = Release|iPhoneSimulator
		{2904EAE4-ADF8-422A-8774-ED63D60CF154}.Release|iPhoneSimulator.Build.0 = Release|iPhoneSimulator
		{2904EAE4-ADF8-422A-8774-ED63D60CF154}.Release|x64.ActiveCfg = Release|iPhone
		{2904EAE4-ADF8-422A-8774-ED63D60CF154}.Release|x86.ActiveCfg = Release|iPhone
		{C62F3A3C-E2F3-48BC-BAF8-1F470840DC66}.Ad-Hoc|Any CPU.ActiveCfg = Release|Any CPU
		{C62F3A3C-E2F3-48BC-BAF8-1F470840DC66}.Ad-Hoc|Any CPU.Build.0 = Release|Any CPU
		{C62F3A3C-E2F3-48BC-BAF8-1F470840DC66}.Ad-Hoc|ARM.ActiveCfg = Release|Any CPU
		{C62F3A3C-E2F3-48BC-BAF8-1F470840DC66}.Ad-Hoc|ARM.Build.0 = Release|Any CPU
		{C62F3A3C-E2F3-48BC-BAF8-1F470840DC66}.Ad-Hoc|iPhone.ActiveCfg = Release|Any CPU
		{C62F3A3C-E2F3-48BC-BAF8-1F470840DC66}.Ad-Hoc|iPhone.Build.0 = Release|Any CPU
		{C62F3A3C-E2F3-48BC-BAF8-1F470840DC66}.Ad-Hoc|iPhoneSimulator.ActiveCfg = Release|Any CPU
		{C62F3A3C-E2F3-48BC-BAF8-1F470840DC66}.Ad-Hoc|iPhoneSimulator.Build.0 = Release|Any CPU
		{C62F3A3C-E2F3-48BC-BAF8-1F470840DC66}.Ad-Hoc|x64.ActiveCfg = Release|Any CPU
		{C62F3A3C-E2F3-48BC-BAF8-1F470840DC66}.Ad-Hoc|x64.Build.0 = Release|Any CPU
		{C62F3A3C-E2F3-48BC-BAF8-1F470840DC66}.Ad-Hoc|x86.ActiveCfg = Release|Any CPU
		{C62F3A3C-E2F3-48BC-BAF8-1F470840DC66}.Ad-Hoc|x86.Build.0 = Release|Any CPU
		{C62F3A3C-E2F3-48BC-BAF8-1F470840DC66}.AppStore|Any CPU.ActiveCfg = Release|Any CPU
		{C62F3A3C-E2F3-48BC-BAF8-1F470840DC66}.AppStore|Any CPU.Build.0 = Release|Any CPU
		{C62F3A3C-E2F3-48BC-BAF8-1F470840DC66}.AppStore|ARM.ActiveCfg = Release|Any CPU
		{C62F3A3C-E2F3-48BC-BAF8-1F470840DC66}.AppStore|ARM.Build.0 = Release|Any CPU
		{C62F3A3C-E2F3-48BC-BAF8-1F470840DC66}.AppStore|iPhone.ActiveCfg = Release|Any CPU
		{C62F3A3C-E2F3-48BC-BAF8-1F470840DC66}.AppStore|iPhone.Build.0 = Release|Any CPU
		{C62F3A3C-E2F3-48BC-BAF8-1F470840DC66}.AppStore|iPhoneSimulator.ActiveCfg = Release|Any CPU
		{C62F3A3C-E2F3-48BC-BAF8-1F470840DC66}.AppStore|iPhoneSimulator.Build.0 = Release|Any CPU
		{C62F3A3C-E2F3-48BC-BAF8-1F470840DC66}.AppStore|x64.ActiveCfg = Release|Any CPU
		{C62F3A3C-E2F3-48BC-BAF8-1F470840DC66}.AppStore|x64.Build.0 = Release|Any CPU
		{C62F3A3C-E2F3-48BC-BAF8-1F470840DC66}.AppStore|x86.ActiveCfg = Release|Any CPU
		{C62F3A3C-E2F3-48BC-BAF8-1F470840DC66}.AppStore|x86.Build.0 = Release|Any CPU
		{C62F3A3C-E2F3-48BC-BAF8-1F470840DC66}.Debug|Any CPU.ActiveCfg = Debug|Any CPU
		{C62F3A3C-E2F3-48BC-BAF8-1F470840DC66}.Debug|Any CPU.Build.0 = Debug|Any CPU
		{C62F3A3C-E2F3-48BC-BAF8-1F470840DC66}.Debug|ARM.ActiveCfg = Debug|Any CPU
		{C62F3A3C-E2F3-48BC-BAF8-1F470840DC66}.Debug|ARM.Build.0 = Debug|Any CPU
		{C62F3A3C-E2F3-48BC-BAF8-1F470840DC66}.Debug|iPhone.ActiveCfg = Debug|Any CPU
		{C62F3A3C-E2F3-48BC-BAF8-1F470840DC66}.Debug|iPhone.Build.0 = Debug|Any CPU
		{C62F3A3C-E2F3-48BC-BAF8-1F470840DC66}.Debug|iPhoneSimulator.ActiveCfg = Debug|Any CPU
		{C62F3A3C-E2F3-48BC-BAF8-1F470840DC66}.Debug|iPhoneSimulator.Build.0 = Debug|Any CPU
		{C62F3A3C-E2F3-48BC-BAF8-1F470840DC66}.Debug|x64.ActiveCfg = Debug|Any CPU
		{C62F3A3C-E2F3-48BC-BAF8-1F470840DC66}.Debug|x64.Build.0 = Debug|Any CPU
		{C62F3A3C-E2F3-48BC-BAF8-1F470840DC66}.Debug|x86.ActiveCfg = Debug|Any CPU
		{C62F3A3C-E2F3-48BC-BAF8-1F470840DC66}.Debug|x86.Build.0 = Debug|Any CPU
		{C62F3A3C-E2F3-48BC-BAF8-1F470840DC66}.Release|Any CPU.ActiveCfg = Release|Any CPU
		{C62F3A3C-E2F3-48BC-BAF8-1F470840DC66}.Release|Any CPU.Build.0 = Release|Any CPU
		{C62F3A3C-E2F3-48BC-BAF8-1F470840DC66}.Release|ARM.ActiveCfg = Release|Any CPU
		{C62F3A3C-E2F3-48BC-BAF8-1F470840DC66}.Release|ARM.Build.0 = Release|Any CPU
		{C62F3A3C-E2F3-48BC-BAF8-1F470840DC66}.Release|iPhone.ActiveCfg = Release|Any CPU
		{C62F3A3C-E2F3-48BC-BAF8-1F470840DC66}.Release|iPhone.Build.0 = Release|Any CPU
		{C62F3A3C-E2F3-48BC-BAF8-1F470840DC66}.Release|iPhoneSimulator.ActiveCfg = Release|Any CPU
		{C62F3A3C-E2F3-48BC-BAF8-1F470840DC66}.Release|iPhoneSimulator.Build.0 = Release|Any CPU
		{C62F3A3C-E2F3-48BC-BAF8-1F470840DC66}.Release|x64.ActiveCfg = Release|Any CPU
		{C62F3A3C-E2F3-48BC-BAF8-1F470840DC66}.Release|x64.Build.0 = Release|Any CPU
		{C62F3A3C-E2F3-48BC-BAF8-1F470840DC66}.Release|x86.ActiveCfg = Release|Any CPU
		{C62F3A3C-E2F3-48BC-BAF8-1F470840DC66}.Release|x86.Build.0 = Release|Any CPU
		{1D8431F6-6AD2-4BDA-8A99-B5E07AA32DF8}.Ad-Hoc|Any CPU.ActiveCfg = Debug|Any CPU
		{1D8431F6-6AD2-4BDA-8A99-B5E07AA32DF8}.Ad-Hoc|Any CPU.Build.0 = Debug|Any CPU
		{1D8431F6-6AD2-4BDA-8A99-B5E07AA32DF8}.Ad-Hoc|ARM.ActiveCfg = Debug|Any CPU
		{1D8431F6-6AD2-4BDA-8A99-B5E07AA32DF8}.Ad-Hoc|ARM.Build.0 = Debug|Any CPU
		{1D8431F6-6AD2-4BDA-8A99-B5E07AA32DF8}.Ad-Hoc|iPhone.ActiveCfg = Debug|Any CPU
		{1D8431F6-6AD2-4BDA-8A99-B5E07AA32DF8}.Ad-Hoc|iPhone.Build.0 = Debug|Any CPU
		{1D8431F6-6AD2-4BDA-8A99-B5E07AA32DF8}.Ad-Hoc|iPhoneSimulator.ActiveCfg = Debug|Any CPU
		{1D8431F6-6AD2-4BDA-8A99-B5E07AA32DF8}.Ad-Hoc|iPhoneSimulator.Build.0 = Debug|Any CPU
		{1D8431F6-6AD2-4BDA-8A99-B5E07AA32DF8}.Ad-Hoc|x64.ActiveCfg = Debug|Any CPU
		{1D8431F6-6AD2-4BDA-8A99-B5E07AA32DF8}.Ad-Hoc|x64.Build.0 = Debug|Any CPU
		{1D8431F6-6AD2-4BDA-8A99-B5E07AA32DF8}.Ad-Hoc|x86.ActiveCfg = Debug|Any CPU
		{1D8431F6-6AD2-4BDA-8A99-B5E07AA32DF8}.Ad-Hoc|x86.Build.0 = Debug|Any CPU
		{1D8431F6-6AD2-4BDA-8A99-B5E07AA32DF8}.AppStore|Any CPU.ActiveCfg = Debug|Any CPU
		{1D8431F6-6AD2-4BDA-8A99-B5E07AA32DF8}.AppStore|Any CPU.Build.0 = Debug|Any CPU
		{1D8431F6-6AD2-4BDA-8A99-B5E07AA32DF8}.AppStore|ARM.ActiveCfg = Debug|Any CPU
		{1D8431F6-6AD2-4BDA-8A99-B5E07AA32DF8}.AppStore|ARM.Build.0 = Debug|Any CPU
		{1D8431F6-6AD2-4BDA-8A99-B5E07AA32DF8}.AppStore|iPhone.ActiveCfg = Debug|Any CPU
		{1D8431F6-6AD2-4BDA-8A99-B5E07AA32DF8}.AppStore|iPhone.Build.0 = Debug|Any CPU
		{1D8431F6-6AD2-4BDA-8A99-B5E07AA32DF8}.AppStore|iPhoneSimulator.ActiveCfg = Debug|Any CPU
		{1D8431F6-6AD2-4BDA-8A99-B5E07AA32DF8}.AppStore|iPhoneSimulator.Build.0 = Debug|Any CPU
		{1D8431F6-6AD2-4BDA-8A99-B5E07AA32DF8}.AppStore|x64.ActiveCfg = Debug|Any CPU
		{1D8431F6-6AD2-4BDA-8A99-B5E07AA32DF8}.AppStore|x64.Build.0 = Debug|Any CPU
		{1D8431F6-6AD2-4BDA-8A99-B5E07AA32DF8}.AppStore|x86.ActiveCfg = Debug|Any CPU
		{1D8431F6-6AD2-4BDA-8A99-B5E07AA32DF8}.AppStore|x86.Build.0 = Debug|Any CPU
		{1D8431F6-6AD2-4BDA-8A99-B5E07AA32DF8}.Debug|Any CPU.ActiveCfg = Debug|Any CPU
		{1D8431F6-6AD2-4BDA-8A99-B5E07AA32DF8}.Debug|Any CPU.Build.0 = Debug|Any CPU
		{1D8431F6-6AD2-4BDA-8A99-B5E07AA32DF8}.Debug|ARM.ActiveCfg = Debug|Any CPU
		{1D8431F6-6AD2-4BDA-8A99-B5E07AA32DF8}.Debug|ARM.Build.0 = Debug|Any CPU
		{1D8431F6-6AD2-4BDA-8A99-B5E07AA32DF8}.Debug|iPhone.ActiveCfg = Debug|Any CPU
		{1D8431F6-6AD2-4BDA-8A99-B5E07AA32DF8}.Debug|iPhone.Build.0 = Debug|Any CPU
		{1D8431F6-6AD2-4BDA-8A99-B5E07AA32DF8}.Debug|iPhoneSimulator.ActiveCfg = Debug|Any CPU
		{1D8431F6-6AD2-4BDA-8A99-B5E07AA32DF8}.Debug|iPhoneSimulator.Build.0 = Debug|Any CPU
		{1D8431F6-6AD2-4BDA-8A99-B5E07AA32DF8}.Debug|x64.ActiveCfg = Debug|Any CPU
		{1D8431F6-6AD2-4BDA-8A99-B5E07AA32DF8}.Debug|x64.Build.0 = Debug|Any CPU
		{1D8431F6-6AD2-4BDA-8A99-B5E07AA32DF8}.Debug|x86.ActiveCfg = Debug|Any CPU
		{1D8431F6-6AD2-4BDA-8A99-B5E07AA32DF8}.Debug|x86.Build.0 = Debug|Any CPU
		{1D8431F6-6AD2-4BDA-8A99-B5E07AA32DF8}.Release|Any CPU.ActiveCfg = Release|Any CPU
		{1D8431F6-6AD2-4BDA-8A99-B5E07AA32DF8}.Release|Any CPU.Build.0 = Release|Any CPU
		{1D8431F6-6AD2-4BDA-8A99-B5E07AA32DF8}.Release|ARM.ActiveCfg = Release|Any CPU
		{1D8431F6-6AD2-4BDA-8A99-B5E07AA32DF8}.Release|ARM.Build.0 = Release|Any CPU
		{1D8431F6-6AD2-4BDA-8A99-B5E07AA32DF8}.Release|iPhone.ActiveCfg = Release|Any CPU
		{1D8431F6-6AD2-4BDA-8A99-B5E07AA32DF8}.Release|iPhone.Build.0 = Release|Any CPU
		{1D8431F6-6AD2-4BDA-8A99-B5E07AA32DF8}.Release|iPhoneSimulator.ActiveCfg = Release|Any CPU
		{1D8431F6-6AD2-4BDA-8A99-B5E07AA32DF8}.Release|iPhoneSimulator.Build.0 = Release|Any CPU
		{1D8431F6-6AD2-4BDA-8A99-B5E07AA32DF8}.Release|x64.ActiveCfg = Release|Any CPU
		{1D8431F6-6AD2-4BDA-8A99-B5E07AA32DF8}.Release|x64.Build.0 = Release|Any CPU
		{1D8431F6-6AD2-4BDA-8A99-B5E07AA32DF8}.Release|x86.ActiveCfg = Release|Any CPU
		{1D8431F6-6AD2-4BDA-8A99-B5E07AA32DF8}.Release|x86.Build.0 = Release|Any CPU
	EndGlobalSection
	GlobalSection(SolutionProperties) = preSolution
		HideSolutionNode = FALSE
	EndGlobalSection
	GlobalSection(NestedProjects) = preSolution
		{84296155-5743-4C11-84BF-77F12F9FA531} = {A16DE662-D377-4790-B9BE-1C5DED350217}
		{A0CB5DD9-7D8B-4531-915D-6E2906CE52BA} = {A16DE662-D377-4790-B9BE-1C5DED350217}
		{3A39FAA9-7D43-4D1F-88EF-3EE810E9BDB9} = {A16DE662-D377-4790-B9BE-1C5DED350217}
		{C62F3A3C-E2F3-48BC-BAF8-1F470840DC66} = {7D4524C9-17BB-4EAE-A0CF-F08B398B51EC}
		{7D4524C9-17BB-4EAE-A0CF-F08B398B51EC} = {A16DE662-D377-4790-B9BE-1C5DED350217}
		{1D8431F6-6AD2-4BDA-8A99-B5E07AA32DF8} = {76229E0B-06A4-439E-B621-D7028C93C16C}
	EndGlobalSection
EndGlobal
