
Microsoft Visual Studio Solution File, Format Version 12.00
# Visual Studio 14
VisualStudioVersion = 14.0.25420.1
MinimumVisualStudioVersion = 10.0.40219.1
Project("{FAE04EC0-301F-11D3-BF4B-00C04F79EFBC}") = "XamarinSample.Android", "XamarinSample.Android\XamarinSample.Android.csproj", "{61A94351-89D6-4032-971F-9AD33E19531D}"
EndProject
Project("{FAE04EC0-301F-11D3-BF4B-00C04F79EFBC}") = "XamarinSample.Windows", "XamarinSample.Windows\XamarinSample.Windows.csproj", "{4B2BF334-D7F3-432A-9463-004C02C29946}"
EndProject
Project("{FAE04EC0-301F-11D3-BF4B-00C04F79EFBC}") = "XamarinSample.Core", "XamarinSample.Core\XamarinSample.Core.csproj", "{84296155-5743-4C11-84BF-77F12F9FA531}"
EndProject
Project("{2150E333-8FDC-42A3-9474-1A3956D46DE8}") = "PCL", "PCL", "{A16DE662-D377-4790-B9BE-1C5DED350217}"
EndProject
Project("{2150E333-8FDC-42A3-9474-1A3956D46DE8}") = "Application", "Application", "{693AFE20-01F1-4037-B6B9-AC4687AAEEAF}"
EndProject
Project("{FAE04EC0-301F-11D3-BF4B-00C04F79EFBC}") = "XamarinSample.Persistence", "XamarinSample.Persistence\XamarinSample.Persistence.csproj", "{A0CB5DD9-7D8B-4531-915D-6E2906CE52BA}"
EndProject
Project("{FAE04EC0-301F-11D3-BF4B-00C04F79EFBC}") = "XamarinSample.BackEnd", "XamarinSample.BackEnd\XamarinSample.BackEnd.csproj", "{3A39FAA9-7D43-4D1F-88EF-3EE810E9BDB9}"
EndProject
Global
	GlobalSection(SolutionConfigurationPlatforms) = preSolution
		Debug|Any CPU = Debug|Any CPU
		Debug|ARM = Debug|ARM
		Debug|x64 = Debug|x64
		Debug|x86 = Debug|x86
		Release|Any CPU = Release|Any CPU
		Release|ARM = Release|ARM
		Release|x64 = Release|x64
		Release|x86 = Release|x86
	EndGlobalSection
	GlobalSection(ProjectConfigurationPlatforms) = postSolution
		{61A94351-89D6-4032-971F-9AD33E19531D}.Debug|Any CPU.ActiveCfg = Debug|Any CPU
		{61A94351-89D6-4032-971F-9AD33E19531D}.Debug|Any CPU.Build.0 = Debug|Any CPU
		{61A94351-89D6-4032-971F-9AD33E19531D}.Debug|Any CPU.Deploy.0 = Debug|Any CPU
		{61A94351-89D6-4032-971F-9AD33E19531D}.Debug|ARM.ActiveCfg = Debug|Any CPU
		{61A94351-89D6-4032-971F-9AD33E19531D}.Debug|ARM.Build.0 = Debug|Any CPU
		{61A94351-89D6-4032-971F-9AD33E19531D}.Debug|ARM.Deploy.0 = Debug|Any CPU
		{61A94351-89D6-4032-971F-9AD33E19531D}.Debug|x64.ActiveCfg = Debug|Any CPU
		{61A94351-89D6-4032-971F-9AD33E19531D}.Debug|x64.Build.0 = Debug|Any CPU
		{61A94351-89D6-4032-971F-9AD33E19531D}.Debug|x64.Deploy.0 = Debug|Any CPU
		{61A94351-89D6-4032-971F-9AD33E19531D}.Debug|x86.ActiveCfg = Debug|Any CPU
		{61A94351-89D6-4032-971F-9AD33E19531D}.Debug|x86.Build.0 = Debug|Any CPU
		{61A94351-89D6-4032-971F-9AD33E19531D}.Debug|x86.Deploy.0 = Debug|Any CPU
		{61A94351-89D6-4032-971F-9AD33E19531D}.Release|Any CPU.ActiveCfg = Release|Any CPU
		{61A94351-89D6-4032-971F-9AD33E19531D}.Release|Any CPU.Build.0 = Release|Any CPU
		{61A94351-89D6-4032-971F-9AD33E19531D}.Release|Any CPU.Deploy.0 = Release|Any CPU
		{61A94351-89D6-4032-971F-9AD33E19531D}.Release|ARM.ActiveCfg = Release|Any CPU
		{61A94351-89D6-4032-971F-9AD33E19531D}.Release|ARM.Build.0 = Release|Any CPU
		{61A94351-89D6-4032-971F-9AD33E19531D}.Release|ARM.Deploy.0 = Release|Any CPU
		{61A94351-89D6-4032-971F-9AD33E19531D}.Release|x64.ActiveCfg = Release|Any CPU
		{61A94351-89D6-4032-971F-9AD33E19531D}.Release|x64.Build.0 = Release|Any CPU
		{61A94351-89D6-4032-971F-9AD33E19531D}.Release|x64.Deploy.0 = Release|Any CPU
		{61A94351-89D6-4032-971F-9AD33E19531D}.Release|x86.ActiveCfg = Release|Any CPU
		{61A94351-89D6-4032-971F-9AD33E19531D}.Release|x86.Build.0 = Release|Any CPU
		{61A94351-89D6-4032-971F-9AD33E19531D}.Release|x86.Deploy.0 = Release|Any CPU
		{4B2BF334-D7F3-432A-9463-004C02C29946}.Debug|Any CPU.ActiveCfg = Debug|x86
		{4B2BF334-D7F3-432A-9463-004C02C29946}.Debug|Any CPU.Build.0 = Debug|x86
		{4B2BF334-D7F3-432A-9463-004C02C29946}.Debug|Any CPU.Deploy.0 = Debug|x86
		{4B2BF334-D7F3-432A-9463-004C02C29946}.Debug|ARM.ActiveCfg = Debug|ARM
		{4B2BF334-D7F3-432A-9463-004C02C29946}.Debug|ARM.Build.0 = Debug|ARM
		{4B2BF334-D7F3-432A-9463-004C02C29946}.Debug|ARM.Deploy.0 = Debug|ARM
		{4B2BF334-D7F3-432A-9463-004C02C29946}.Debug|x64.ActiveCfg = Debug|x64
		{4B2BF334-D7F3-432A-9463-004C02C29946}.Debug|x64.Build.0 = Debug|x64
		{4B2BF334-D7F3-432A-9463-004C02C29946}.Debug|x64.Deploy.0 = Debug|x64
		{4B2BF334-D7F3-432A-9463-004C02C29946}.Debug|x86.ActiveCfg = Debug|x86
		{4B2BF334-D7F3-432A-9463-004C02C29946}.Debug|x86.Build.0 = Debug|x86
		{4B2BF334-D7F3-432A-9463-004C02C29946}.Debug|x86.Deploy.0 = Debug|x86
		{4B2BF334-D7F3-432A-9463-004C02C29946}.Release|Any CPU.ActiveCfg = Release|x86
		{4B2BF334-D7F3-432A-9463-004C02C29946}.Release|ARM.ActiveCfg = Release|ARM
		{4B2BF334-D7F3-432A-9463-004C02C29946}.Release|ARM.Build.0 = Release|ARM
		{4B2BF334-D7F3-432A-9463-004C02C29946}.Release|ARM.Deploy.0 = Release|ARM
		{4B2BF334-D7F3-432A-9463-004C02C29946}.Release|x64.ActiveCfg = Release|x64
		{4B2BF334-D7F3-432A-9463-004C02C29946}.Release|x64.Build.0 = Release|x64
		{4B2BF334-D7F3-432A-9463-004C02C29946}.Release|x64.Deploy.0 = Release|x64
		{4B2BF334-D7F3-432A-9463-004C02C29946}.Release|x86.ActiveCfg = Release|x86
		{4B2BF334-D7F3-432A-9463-004C02C29946}.Release|x86.Build.0 = Release|x86
		{4B2BF334-D7F3-432A-9463-004C02C29946}.Release|x86.Deploy.0 = Release|x86
		{84296155-5743-4C11-84BF-77F12F9FA531}.Debug|Any CPU.ActiveCfg = Debug|Any CPU
		{84296155-5743-4C11-84BF-77F12F9FA531}.Debug|Any CPU.Build.0 = Debug|Any CPU
		{84296155-5743-4C11-84BF-77F12F9FA531}.Debug|ARM.ActiveCfg = Debug|Any CPU
		{84296155-5743-4C11-84BF-77F12F9FA531}.Debug|ARM.Build.0 = Debug|Any CPU
		{84296155-5743-4C11-84BF-77F12F9FA531}.Debug|x64.ActiveCfg = Debug|Any CPU
		{84296155-5743-4C11-84BF-77F12F9FA531}.Debug|x64.Build.0 = Debug|Any CPU
		{84296155-5743-4C11-84BF-77F12F9FA531}.Debug|x86.ActiveCfg = Debug|Any CPU
		{84296155-5743-4C11-84BF-77F12F9FA531}.Debug|x86.Build.0 = Debug|Any CPU
		{84296155-5743-4C11-84BF-77F12F9FA531}.Release|Any CPU.ActiveCfg = Release|Any CPU
		{84296155-5743-4C11-84BF-77F12F9FA531}.Release|Any CPU.Build.0 = Release|Any CPU
		{84296155-5743-4C11-84BF-77F12F9FA531}.Release|ARM.ActiveCfg = Release|Any CPU
		{84296155-5743-4C11-84BF-77F12F9FA531}.Release|ARM.Build.0 = Release|Any CPU
		{84296155-5743-4C11-84BF-77F12F9FA531}.Release|x64.ActiveCfg = Release|Any CPU
		{84296155-5743-4C11-84BF-77F12F9FA531}.Release|x64.Build.0 = Release|Any CPU
		{84296155-5743-4C11-84BF-77F12F9FA531}.Release|x86.ActiveCfg = Release|Any CPU
		{84296155-5743-4C11-84BF-77F12F9FA531}.Release|x86.Build.0 = Release|Any CPU
		{A0CB5DD9-7D8B-4531-915D-6E2906CE52BA}.Debug|Any CPU.ActiveCfg = Debug|Any CPU
		{A0CB5DD9-7D8B-4531-915D-6E2906CE52BA}.Debug|Any CPU.Build.0 = Debug|Any CPU
		{A0CB5DD9-7D8B-4531-915D-6E2906CE52BA}.Debug|ARM.ActiveCfg = Debug|Any CPU
		{A0CB5DD9-7D8B-4531-915D-6E2906CE52BA}.Debug|ARM.Build.0 = Debug|Any CPU
		{A0CB5DD9-7D8B-4531-915D-6E2906CE52BA}.Debug|x64.ActiveCfg = Debug|Any CPU
		{A0CB5DD9-7D8B-4531-915D-6E2906CE52BA}.Debug|x64.Build.0 = Debug|Any CPU
		{A0CB5DD9-7D8B-4531-915D-6E2906CE52BA}.Debug|x86.ActiveCfg = Debug|Any CPU
		{A0CB5DD9-7D8B-4531-915D-6E2906CE52BA}.Debug|x86.Build.0 = Debug|Any CPU
		{A0CB5DD9-7D8B-4531-915D-6E2906CE52BA}.Release|Any CPU.ActiveCfg = Release|Any CPU
		{A0CB5DD9-7D8B-4531-915D-6E2906CE52BA}.Release|Any CPU.Build.0 = Release|Any CPU
		{A0CB5DD9-7D8B-4531-915D-6E2906CE52BA}.Release|ARM.ActiveCfg = Release|Any CPU
		{A0CB5DD9-7D8B-4531-915D-6E2906CE52BA}.Release|ARM.Build.0 = Release|Any CPU
		{A0CB5DD9-7D8B-4531-915D-6E2906CE52BA}.Release|x64.ActiveCfg = Release|Any CPU
		{A0CB5DD9-7D8B-4531-915D-6E2906CE52BA}.Release|x64.Build.0 = Release|Any CPU
		{A0CB5DD9-7D8B-4531-915D-6E2906CE52BA}.Release|x86.ActiveCfg = Release|Any CPU
		{A0CB5DD9-7D8B-4531-915D-6E2906CE52BA}.Release|x86.Build.0 = Release|Any CPU
		{3A39FAA9-7D43-4D1F-88EF-3EE810E9BDB9}.Debug|Any CPU.ActiveCfg = Debug|Any CPU
		{3A39FAA9-7D43-4D1F-88EF-3EE810E9BDB9}.Debug|Any CPU.Build.0 = Debug|Any CPU
		{3A39FAA9-7D43-4D1F-88EF-3EE810E9BDB9}.Debug|ARM.ActiveCfg = Debug|Any CPU
		{3A39FAA9-7D43-4D1F-88EF-3EE810E9BDB9}.Debug|ARM.Build.0 = Debug|Any CPU
		{3A39FAA9-7D43-4D1F-88EF-3EE810E9BDB9}.Debug|x64.ActiveCfg = Debug|Any CPU
		{3A39FAA9-7D43-4D1F-88EF-3EE810E9BDB9}.Debug|x64.Build.0 = Debug|Any CPU
		{3A39FAA9-7D43-4D1F-88EF-3EE810E9BDB9}.Debug|x86.ActiveCfg = Debug|Any CPU
		{3A39FAA9-7D43-4D1F-88EF-3EE810E9BDB9}.Debug|x86.Build.0 = Debug|Any CPU
		{3A39FAA9-7D43-4D1F-88EF-3EE810E9BDB9}.Release|Any CPU.ActiveCfg = Release|Any CPU
		{3A39FAA9-7D43-4D1F-88EF-3EE810E9BDB9}.Release|Any CPU.Build.0 = Release|Any CPU
		{3A39FAA9-7D43-4D1F-88EF-3EE810E9BDB9}.Release|ARM.ActiveCfg = Release|Any CPU
		{3A39FAA9-7D43-4D1F-88EF-3EE810E9BDB9}.Release|ARM.Build.0 = Release|Any CPU
		{3A39FAA9-7D43-4D1F-88EF-3EE810E9BDB9}.Release|x64.ActiveCfg = Release|Any CPU
		{3A39FAA9-7D43-4D1F-88EF-3EE810E9BDB9}.Release|x64.Build.0 = Release|Any CPU
		{3A39FAA9-7D43-4D1F-88EF-3EE810E9BDB9}.Release|x86.ActiveCfg = Release|Any CPU
		{3A39FAA9-7D43-4D1F-88EF-3EE810E9BDB9}.Release|x86.Build.0 = Release|Any CPU
	EndGlobalSection
	GlobalSection(SolutionProperties) = preSolution
		HideSolutionNode = FALSE
	EndGlobalSection
	GlobalSection(NestedProjects) = preSolution
		{61A94351-89D6-4032-971F-9AD33E19531D} = {693AFE20-01F1-4037-B6B9-AC4687AAEEAF}
		{4B2BF334-D7F3-432A-9463-004C02C29946} = {693AFE20-01F1-4037-B6B9-AC4687AAEEAF}
		{84296155-5743-4C11-84BF-77F12F9FA531} = {A16DE662-D377-4790-B9BE-1C5DED350217}
		{A0CB5DD9-7D8B-4531-915D-6E2906CE52BA} = {A16DE662-D377-4790-B9BE-1C5DED350217}
		{3A39FAA9-7D43-4D1F-88EF-3EE810E9BDB9} = {A16DE662-D377-4790-B9BE-1C5DED350217}
	EndGlobalSection
EndGlobal
